
Microsoft Visual Studio Solution File, Format Version 12.00
Project("{FAE04EC0-301F-11D3-BF4B-00C04F79EFBC}") = "Project1", "Project1\Project1.csproj", "{7CA261F1-85B9-4DA4-B6A2-B622BDAFEF8B}"
EndProject
Global
	GlobalSection(SolutionConfigurationPlatforms) = preSolution
		Debug|Any CPU = Debug|Any CPU
		Release|Any CPU = Release|Any CPU
	EndGlobalSection
	GlobalSection(ProjectConfigurationPlatforms) = postSolution
		{7CA261F1-85B9-4DA4-B6A2-B622BDAFEF8B}.Debug|Any CPU.ActiveCfg = Debug|Any CPU
		{7CA261F1-85B9-4DA4-B6A2-B622BDAFEF8B}.Debug|Any CPU.Build.0 = Debug|Any CPU
		{7CA261F1-85B9-4DA4-B6A2-B622BDAFEF8B}.Release|Any CPU.ActiveCfg = Release|Any CPU
		{7CA261F1-85B9-4DA4-B6A2-B622BDAFEF8B}.Release|Any CPU.Build.0 = Release|Any CPU
	EndGlobalSection
EndGlobal
